[root]
name = "in_order"
version = "0.0.1"
dependencies = [
 "toml 0.1.0 (git+https://github.com/alexcrichton/toml-rs#05c1eb420f54569336b8481c28a46b5a7c51ec99)",
]

[[package]]
name = "toml"
version = "0.1.0"
source = "git+https://github.com/alexcrichton/toml-rs#05c1eb420f54569336b8481c28a46b5a7c51ec99"

